// !$*UTF8*$!
{
	archiveVersion = 1;
	classes = {
	};
	objectVersion = 56;
	objects = {

/* Begin PBXBuildFile section */
		BE3DCE892AC74C120013F894 /* AppDelegate.swift in Sources */ = {isa = PBXBuildFile; fileRef = BE3DCE882AC74C120013F894 /* AppDelegate.swift */; };
		BE3DCE8B2AC74C120013F894 /* SceneDelegate.swift in Sources */ = {isa = PBXBuildFile; fileRef = BE3DCE8A2AC74C120013F894 /* SceneDelegate.swift */; };
		BE3DCE8D2AC74C120013F894 /* ViewController.swift in Sources */ = {isa = PBXBuildFile; fileRef = BE3DCE8C2AC74C120013F894 /* ViewController.swift */; };
		BE3DCE902AC74C120013F894 /* Main.storyboard in Resources */ = {isa = PBXBuildFile; fileRef = BE3DCE8E2AC74C120013F894 /* Main.storyboard */; };
		BE3DCE922AC74C130013F894 /* Assets.xcassets in Resources */ = {isa = PBXBuildFile; fileRef = BE3DCE912AC74C130013F894 /* Assets.xcassets */; };
		BE3DCE952AC74C130013F894 /* LaunchScreen.storyboard in Resources */ = {isa = PBXBuildFile; fileRef = BE3DCE932AC74C130013F894 /* LaunchScreen.storyboard */; };
		BE3DCE9D2AC74F370013F894 /* SecondViewController.swift in Sources */ = {isa = PBXBuildFile; fileRef = BE3DCE9C2AC74F370013F894 /* SecondViewController.swift */; };
		BECDBD6F2AD9B4E700A49041 /* enumSegue.swift in Sources */ = {isa = PBXBuildFile; fileRef = BECDBD6E2AD9B4E700A49041 /* enumSegue.swift */; };
/* End PBXBuildFile section */

/* Begin PBXFileReference section */
		BE3DCE852AC74C120013F894 /* SendingDataToSecondView.app */ = {isa = PBXFileReference; explicitFileType = wrapper.application; includeInIndex = 0; path = SendingDataToSecondView.app; sourceTree = BUILT_PRODUCTS_DIR; };
		BE3DCE882AC74C120013F894 /* AppDelegate.swift */ = {isa = PBXFileReference; lastKnownFileType = sourcecode.swift; path = AppDelegate.swift; sourceTree = "<group>"; };
		BE3DCE8A2AC74C120013F894 /* SceneDelegate.swift */ = {isa = PBXFileReference; lastKnownFileType = sourcecode.swift; path = SceneDelegate.swift; sourceTree = "<group>"; };
		BE3DCE8C2AC74C120013F894 /* ViewController.swift */ = {isa = PBXFileReference; lastKnownFileType = sourcecode.swift; path = ViewController.swift; sourceTree = "<group>"; };
		BE3DCE8F2AC74C120013F894 /* Base */ = {isa = PBXFileReference; lastKnownFileType = file.storyboard; name = Base; path = Base.lproj/Main.storyboard; sourceTree = "<group>"; };
		BE3DCE912AC74C130013F894 /* Assets.xcassets */ = {isa = PBXFileReference; lastKnownFileType = folder.assetcatalog; path = Assets.xcassets; sourceTree = "<group>"; };
		BE3DCE942AC74C130013F894 /* Base */ = {isa = PBXFileReference; lastKnownFileType = file.storyboard; name = Base; path = Base.lproj/LaunchScreen.storyboard; sourceTree = "<group>"; };
		BE3DCE962AC74C130013F894 /* Info.plist */ = {isa = PBXFileReference; lastKnownFileType = text.plist.xml; path = Info.plist; sourceTree = "<group>"; };
		BE3DCE9C2AC74F370013F894 /* SecondViewController.swift */ = {isa = PBXFileReference; lastKnownFileType = sourcecode.swift; path = SecondViewController.swift; sourceTree = "<group>"; };
		BECDBD6E2AD9B4E700A49041 /* enumSegue.swift */ = {isa = PBXFileReference; lastKnownFileType = sourcecode.swift; path = enumSegue.swift; sourceTree = "<group>"; };
/* End PBXFileReference section */

/* Begin PBXFrameworksBuildPhase section */
		BE3DCE822AC74C120013F894 /* Frameworks */ = {
			isa = PBXFrameworksBuildPhase;
			buildActionMask = 2147483647;
			files = (
			);
			runOnlyForDeploymentPostprocessing = 0;
		};
/* End PBXFrameworksBuildPhase section */

/* Begin PBXGroup section */
		BE3DCE7C2AC74C120013F894 = {
			isa = PBXGroup;
			children = (
				BE3DCE872AC74C120013F894 /* SendingDataToSecondView */,
				BE3DCE862AC74C120013F894 /* Products */,
			);
			sourceTree = "<group>";
		};
		BE3DCE862AC74C120013F894 /* Products */ = {
			isa = PBXGroup;
			children = (
				BE3DCE852AC74C120013F894 /* SendingDataToSecondView.app */,
			);
			name = Products;
			sourceTree = "<group>";
		};
		BE3DCE872AC74C120013F894 /* SendingDataToSecondView */ = {
			isa = PBXGroup;
			children = (
				BE3DCE882AC74C120013F894 /* AppDelegate.swift */,
				BE3DCE8A2AC74C120013F894 /* SceneDelegate.swift */,
				BE3DCE8C2AC74C120013F894 /* ViewController.swift */,
				BE3DCE9C2AC74F370013F894 /* SecondViewController.swift */,
				BECDBD6E2AD9B4E700A49041 /* enumSegue.swift */,
				BE3DCE8E2AC74C120013F894 /* Main.storyboard */,
				BE3DCE912AC74C130013F894 /* Assets.xcassets */,
				BE3DCE932AC74C130013F894 /* LaunchScreen.storyboard */,
				BE3DCE962AC74C130013F894 /* Info.plist */,
			);
			path = SendingDataToSecondView;
			sourceTree = "<group>";
		};
/* End PBXGroup section */

/* Begin PBXNativeTarget section */
		BE3DCE842AC74C120013F894 /* SendingDataToSecondView */ = {
			isa = PBXNativeTarget;
			buildConfigurationList = BE3DCE992AC74C130013F894 /* Build configuration list for PBXNativeTarget "SendingDataToSecondView" */;
			buildPhases = (
				BE3DCE812AC74C120013F894 /* Sources */,
				BE3DCE822AC74C120013F894 /* Frameworks */,
				BE3DCE832AC74C120013F894 /* Resources */,
			);
			buildRules = (
			);
			dependencies = (
			);
			name = SendingDataToSecondView;
			productName = SendingDataToSecondView;
			productReference = BE3DCE852AC74C120013F894 /* SendingDataToSecondView.app */;
			productType = "com.apple.product-type.application";
		};
/* End PBXNativeTarget section */

/* Begin PBXProject section */
		BE3DCE7D2AC74C120013F894 /* Project object */ = {
			isa = PBXProject;
			attributes = {
				BuildIndependentTargetsInParallel = 1;
				LastSwiftUpdateCheck = 1500;
				LastUpgradeCheck = 1500;
				TargetAttributes = {
					BE3DCE842AC74C120013F894 = {
						CreatedOnToolsVersion = 15.0;
					};
				};
			};
			buildConfigurationList = BE3DCE802AC74C120013F894 /* Build configuration list for PBXProject "SendingDataToSecondView" */;
			compatibilityVersion = "Xcode 14.0";
			developmentRegion = en;
			hasScannedForEncodings = 0;
			knownRegions = (
				en,
				Base,
			);
			mainGroup = BE3DCE7C2AC74C120013F894;
			productRefGroup = BE3DCE862AC74C120013F894 /* Products */;
			projectDirPath = "";
			projectRoot = "";
			targets = (
				BE3DCE842AC74C120013F894 /* SendingDataToSecondView */,
			);
		};
/* End PBXProject section */

/* Begin PBXResourcesBuildPhase section */
		BE3DCE832AC74C120013F894 /* Resources */ = {
			isa = PBXResourcesBuildPhase;
			buildActionMask = 2147483647;
			files = (
				BE3DCE952AC74C130013F894 /* LaunchScreen.storyboard in Resources */,
				BE3DCE922AC74C130013F894 /* Assets.xcassets in Resources */,
				BE3DCE902AC74C120013F894 /* Main.storyboard in Resources */,
			);
			runOnlyForDeploymentPostprocessing = 0;
		};
/* End PBXResourcesBuildPhase section */

/* Begin PBXSourcesBuildPhase section */
		BE3DCE812AC74C120013F894 /* Sources */ = {
			isa = PBXSourcesBuildPhase;
			buildActionMask = 2147483647;
			files = (
				BE3DCE9D2AC74F370013F894 /* SecondViewController.swift in Sources */,
				BE3DCE8D2AC74C120013F894 /* ViewController.swift in Sources */,
				BECDBD6F2AD9B4E700A49041 /* enumSegue.swift in Sources */,
				BE3DCE892AC74C120013F894 /* AppDelegate.swift in Sources */,
				BE3DCE8B2AC74C120013F894 /* SceneDelegate.swift in Sources */,
			);
			runOnlyForDeploymentPostprocessing = 0;
		};
/* End PBXSourcesBuildPhase section */

/* Begin PBXVariantGroup section */
		BE3DCE8E2AC74C120013F894 /* Main.storyboard */ = {
			isa = PBXVariantGroup;
			children = (
				BE3DCE8F2AC74C120013F894 /* Base */,
			);
			name = Main.storyboard;
			sourceTree = "<group>";
		};
		BE3DCE932AC74C130013F894 /* LaunchScreen.storyboard */ = {
			isa = PBXVariantGroup;
			children = (
				BE3DCE942AC74C130013F894 /* Base */,
			);
			name = LaunchScreen.storyboard;
			sourceTree = "<group>";
		};
/* End PBXVariantGroup section */

/* Begin XCBuildConfiguration section */
		BE3DCE972AC74C130013F894 /* Debug */ = {
			isa = XCBuildConfiguration;
			buildSettings = {
				ALWAYS_SEARCH_USER_PATHS = NO;
				ASSETCATALOG_COMPILER_GENERATE_SWIFT_ASSET_SYMBOL_EXTENSIONS = YES;
				CLANG_ANALYZER_NONNULL = YES;
				CLANG_ANALYZER_NUMBER_OBJECT_CONVERSION = YES_AGGRESSIVE;
				CLANG_CXX_LANGUAGE_STANDARD = "gnu++20";
				CLANG_ENABLE_MODULES = YES;
				CLANG_ENABLE_OBJC_ARC = YES;
				CLANG_ENABLE_OBJC_WEAK = YES;
				CLANG_WARN_BLOCK_CAPTURE_AUTORELEASING = YES;
				CLANG_WARN_BOOL_CONVERSION = YES;
				CLANG_WARN_COMMA = YES;
				CLANG_WARN_CONSTANT_CONVERSION = YES;
				CLANG_WARN_DEPRECATED_OBJC_IMPLEMENTATIONS = YES;
				CLANG_WARN_DIRECT_OBJC_ISA_USAGE = YES_ERROR;
				CLANG_WARN_DOCUMENTATION_COMMENTS = YES;
				CLANG_WARN_EMPTY_BODY = YES;
				CLANG_WARN_ENUM_CONVERSION = YES;
				CLANG_WARN_INFINITE_RECURSION = YES;
				CLANG_WARN_INT_CONVERSION = YES;
				CLANG_WARN_NON_LITERAL_NULL_CONVERSION = YES;
				CLANG_WARN_OBJC_IMPLICIT_RETAIN_SELF = YES;
				CLANG_WARN_OBJC_LITERAL_CONVERSION = YES;
				CLANG_WARN_OBJC_ROOT_CLASS = YES_ERROR;
				CLANG_WARN_QUOTED_INCLUDE_IN_FRAMEWORK_HEADER = YES;
				CLANG_WARN_RANGE_LOOP_ANALYSIS = YES;
				CLANG_WARN_STRICT_PROTOTYPES = YES;
				CLANG_WARN_SUSPICIOUS_MOVE = YES;
				CLANG_WARN_UNGUARDED_AVAILABILITY = YES_AGGRESSIVE;
				CLANG_WARN_UNREACHABLE_CODE = YES;
				CLANG_WARN__DUPLICATE_METHOD_MATCH = YES;
				COPY_PHASE_STRIP = NO;
				DEBUG_INFORMATION_FORMAT = dwarf;
				ENABLE_STRICT_OBJC_MSGSEND = YES;
				ENABLE_TESTABILITY = YES;
				ENABLE_USER_SCRIPT_SANDBOXING = YES;
				GCC_C_LANGUAGE_STANDARD = gnu17;
				GCC_DYNAMIC_NO_PIC = NO;
				GCC_NO_COMMON_BLOCKS = YES;
				GCC_OPTIMIZATION_LEVEL = 0;
				GCC_PREPROCESSOR_DEFINITIONS = (
					"DEBUG=1",
					"$(inherited)",
				);
				GCC_WARN_64_TO_32_BIT_CONVERSION = YES;
				GCC_WARN_ABOUT_RETURN_TYPE = YES_ERROR;
				GCC_WARN_UNDECLARED_SELECTOR = YES;
				GCC_WARN_UNINITIALIZED_AUTOS = YES_AGGRESSIVE;
				GCC_WARN_UNUSED_FUNCTION = YES;
				GCC_WARN_UNUSED_VARIABLE = YES;
				IPHONEOS_DEPLOYMENT_TARGET = 17.0;
				LOCALIZATION_PREFERS_STRING_CATALOGS = YES;
				MTL_ENABLE_DEBUG_INFO = INCLUDE_SOURCE;
				MTL_FAST_MATH = YES;
				ONLY_ACTIVE_ARCH = YES;
				SDKROOT = iphoneos;
				SWIFT_ACTIVE_COMPILATION_CONDITIONS = "DEBUG $(inherited)";
				SWIFT_OPTIMIZATION_LEVEL = "-Onone";
			};
			name = Debug;
		};
		BE3DCE982AC74C130013F894 /* Release */ = {
			isa = XCBuildConfiguration;
			buildSettings = {
				ALWAYS_SEARCH_USER_PATHS = NO;
				ASSETCATALOG_COMPILER_GENERATE_SWIFT_ASSET_SYMBOL_EXTENSIONS = YES;
				CLANG_ANALYZER_NONNULL = YES;
				CLANG_ANALYZER_NUMBER_OBJECT_CONVERSION = YES_AGGRESSIVE;
				CLANG_CXX_LANGUAGE_STANDARD = "gnu++20";
				CLANG_ENABLE_MODULES = YES;
				CLANG_ENABLE_OBJC_ARC = YES;
				CLANG_ENABLE_OBJC_WEAK = YES;
				CLANG_WARN_BLOCK_CAPTURE_AUTORELEASING = YES;
				CLANG_WARN_BOOL_CONVERSION = YES;
				CLANG_WARN_COMMA = YES;
				CLANG_WARN_CONSTANT_CONVERSION = YES;
				CLANG_WARN_DEPRECATED_OBJC_IMPLEMENTATIONS = YES;
				CLANG_WARN_DIRECT_OBJC_ISA_USAGE = YES_ERROR;
				CLANG_WARN_DOCUMENTATION_COMMENTS = YES;
				CLANG_WARN_EMPTY_BODY = YES;
				CLANG_WARN_ENUM_CONVERSION = YES;
				CLANG_WARN_INFINITE_RECURSION = YES;
				CLANG_WARN_INT_CONVERSION = YES;
				CLANG_WARN_NON_LITERAL_NULL_CONVERSION = YES;
				CLANG_WARN_OBJC_IMPLICIT_RETAIN_SELF = YES;
				CLANG_WARN_OBJC_LITERAL_CONVERSION = YES;
				CLANG_WARN_OBJC_ROOT_CLASS = YES_ERROR;
				CLANG_WARN_QUOTED_INCLUDE_IN_FRAMEWORK_HEADER = YES;
				CLANG_WARN_RANGE_LOOP_ANALYSIS = YES;
				CLANG_WARN_STRICT_PROTOTYPES = YES;
				CLANG_WARN_SUSPICIOUS_MOVE = YES;
				CLANG_WARN_UNGUARDED_AVAILABILITY = YES_AGGRESSIVE;
				CLANG_WARN_UNREACHABLE_CODE = YES;
				CLANG_WARN__DUPLICATE_METHOD_MATCH = YES;
				COPY_PHASE_STRIP = NO;
				DEBUG_INFORMATION_FORMAT = "dwarf-with-dsym";
				ENABLE_NS_ASSERTIONS = NO;
				ENABLE_STRICT_OBJC_MSGSEND = YES;
				ENABLE_USER_SCRIPT_SANDBOXING = YES;
				GCC_C_LANGUAGE_STANDARD = gnu17;
				GCC_NO_COMMON_BLOCKS = YES;
				GCC_WARN_64_TO_32_BIT_CONVERSION = YES;
				GCC_WARN_ABOUT_RETURN_TYPE = YES_ERROR;
				GCC_WARN_UNDECLARED_SELECTOR = YES;
				GCC_WARN_UNINITIALIZED_AUTOS = YES_AGGRESSIVE;
				GCC_WARN_UNUSED_FUNCTION = YES;
				GCC_WARN_UNUSED_VARIABLE = YES;
				IPHONEOS_DEPLOYMENT_TARGET = 17.0;
				LOCALIZATION_PREFERS_STRING_CATALOGS = YES;
				MTL_ENABLE_DEBUG_INFO = NO;
				MTL_FAST_MATH = YES;
				SDKROOT = iphoneos;
				SWIFT_COMPILATION_MODE = wholemodule;
				VALIDATE_PRODUCT = YES;
			};
			name = Release;
		};
		BE3DCE9A2AC74C130013F894 /* Debug */ = {
			isa = XCBuildConfiguration;
			buildSettings = {
				ASSETCATALOG_COMPILER_APPICON_NAME = AppIcon;
				ASSETCATALOG_COMPILER_GLOBAL_ACCENT_COLOR_NAME = AccentColor;
				CODE_SIGN_STYLE = Automatic;
				CURRENT_PROJECT_VERSION = 1;
				GENERATE_INFOPLIST_FILE = YES;
				INFOPLIST_FILE = SendingDataToSecondView/Info.plist;
				INFOPLIST_KEY_UIApplicationSupportsIndirectInputEvents = YES;
				INFOPLIST_KEY_UILaunchStoryboardName = LaunchScreen;
				INFOPLIST_KEY_UIMainStoryboardFile = Main;
				INFOPLIST_KEY_UISupportedInterfaceOrientations_iPad = "UIInterfaceOrientationPortrait UIInterfaceOrientationPortraitUpsideDown UIInterfaceOrientationLandscapeLeft UIInterfaceOrientationLandscapeRight";
				INFOPLIST_KEY_UISupportedInterfaceOrientations_iPhone = "UIInterfaceOrientationPortrait UIInterfaceOrientationLandscapeLeft UIInterfaceOrientationLandscapeRight";
				LD_RUNPATH_SEARCH_PATHS = (
					"$(inherited)",
					"@executable_path/Frameworks",
				);
				MARKETING_VERSION = 1.0;
				PRODUCT_BUNDLE_IDENTIFIER = lopes.bruno.SendingDataToSecondView;
				PRODUCT_NAME = "$(TARGET_NAME)";
				SWIFT_EMIT_LOC_STRINGS = YES;
				SWIFT_VERSION = 5.0;
				TARGETED_DEVICE_FAMILY = "1,2";
			};
			name = Debug;
		};
		BE3DCE9B2AC74C130013F894 /* Release */ = {
			isa = XCBuildConfiguration;
			buildSettings = {
				ASSETCATALOG_COMPILER_APPICON_NAME = AppIcon;
				ASSETCATALOG_COMPILER_GLOBAL_ACCENT_COLOR_NAME = AccentColor;
				CODE_SIGN_STYLE = Automatic;
				CURRENT_PROJECT_VERSION = 1;
				GENERATE_INFOPLIST_FILE = YES;
				INFOPLIST_FILE = SendingDataToSecondView/Info.plist;
				INFOPLIST_KEY_UIApplicationSupportsIndirectInputEvents = YES;
				INFOPLIST_KEY_UILaunchStoryboardName = LaunchScreen;
				INFOPLIST_KEY_UIMainStoryboardFile = Main;
				INFOPLIST_KEY_UISupportedInterfaceOrientations_iPad = "UIInterfaceOrientationPortrait UIInterfaceOrientationPortraitUpsideDown UIInterfaceOrientationLandscapeLeft UIInterfaceOrientationLandscapeRight";
				INFOPLIST_KEY_UISupportedInterfaceOrientations_iPhone = "UIInterfaceOrientationPortrait UIInterfaceOrientationLandscapeLeft UIInterfaceOrientationLandscapeRight";
				LD_RUNPATH_SEARCH_PATHS = (
					"$(inherited)",
					"@executable_path/Frameworks",
				);
				MARKETING_VERSION = 1.0;
				PRODUCT_BUNDLE_IDENTIFIER = lopes.bruno.SendingDataToSecondView;
				PRODUCT_NAME = "$(TARGET_NAME)";
				SWIFT_EMIT_LOC_STRINGS = YES;
				SWIFT_VERSION = 5.0;
				TARGETED_DEVICE_FAMILY = "1,2";
			};
			name = Release;
		};
/* End XCBuildConfiguration section */

/* Begin XCConfigurationList section */
		BE3DCE802AC74C120013F894 /* Build configuration list for PBXProject "SendingDataToSecondView" */ = {
			isa = XCConfigurationList;
			buildConfigurations = (
				BE3DCE972AC74C130013F894 /* Debug */,
				BE3DCE982AC74C130013F894 /* Release */,
			);
			defaultConfigurationIsVisible = 0;
			defaultConfigurationName = Release;
		};
		BE3DCE992AC74C130013F894 /* Build configuration list for PBXNativeTarget "SendingDataToSecondView" */ = {
			isa = XCConfigurationList;
			buildConfigurations = (
				BE3DCE9A2AC74C130013F894 /* Debug */,
				BE3DCE9B2AC74C130013F894 /* Release */,
			);
			defaultConfigurationIsVisible = 0;
			defaultConfigurationName = Release;
		};
/* End XCConfigurationList section */
	};
	rootObject = BE3DCE7D2AC74C120013F894 /* Project object */;
}
